PODS:
  - OMCategories (0.1.0):
    - OMCategories/Foundation (= 0.1.0)
    - OMCategories/Quartz (= 0.1.0)
    - OMCategories/UIKit (= 0.1.0)
  - OMCategories/Foundation (0.1.0)
  - OMCategories/Quartz (0.1.0)
  - OMCategories/UIKit (0.1.0)

DEPENDENCIES:
  - OMCategories (from `../`)

EXTERNAL SOURCES:
  OMCategories:
    :path: "../"

SPEC CHECKSUMS:
  OMCategories: b48903356e10fac155a7f8bb61cde54a7bc4da54

PODFILE CHECKSUM: 22c69b0659ea6e5c18bc43478fd9b0e78fa1282c

COCOAPODS: 1.5.2
